github.com/beorn7/perks v1.0.1 h1:VlbKKnNfV8bJzeqoa4cOKqO6bYr3WgKZxO8Z16+hsOM=
github.com/beorn7/perks v1.0.1/go.mod h1:G2ZrVWU2WbWT9wwq4/hrbKbnv/1ERSJQ0ibhJ6rlkpw=
github.com/cespare/xxhash/v2 v2.3.0 h1:UL815xU9SqsFlibzuggzjXhog7bL6oX9BbNZnL2UFvs=
github.com/cespare/xxhash/v2 v2.3.0/go.mod h1:VGX0DQ3Q6kWi7AoAeZDth3/j3BFtOZR5XLFGgcrjCOs=
github.com/davecgh/go-spew v1.1.1 h1:vj9j/u1bqnvCEfJOwUhtlOARqs3+rkHYY13jYWTU97c=
github.com/davecgh/go-spew v1.1.1/go.mod h1:J7Y8YcW2NihsgmVo/mv3lAwl/skON4iLHjSsI+c5H38=
github.com/dustin/go-humanize v1.0.1 h1:GzkhY7T5VNhEkwH0PVJgjz+fX1rhBrR7pRT3mDkpeCY=
github.com/dustin/go-humanize v1.0.1/go.mod h1:Mu1zIs6XwVuF/gI1OepvI0qD18qycQx+mFykh5fBlto=
github.com/golang/protobuf v1.5.4 h1:i7eJL8qZTpSEXOPTxNKhASYpMn+8e5Q6AdndVa1dWek=
github.com/golang/protobuf v1.5.4/go.mod h1:lnTiLA8Wa4RWRcIUkrtSVa5nRhsEGBg48fD6rSs7xps=
github.com/google/go-cmp v0.6.0 h1:ofyhxvXcZhMsU5ulbFiLKl/XBFqE1GSq7atu8tAmTRI=
github.com/google/go-cmp v0.6.0/go.mod h1:17dUlkBOakJ0+DkrSSNjCkIjxS6bF9zb3elmeNGIjoY=
github.com/grafana/pyroscope-go v1.1.1 h1:PQoUU9oWtO3ve/fgIiklYuGilvsm8qaGhlY4Vw6MAcQ=
github.com/grafana/pyroscope-go v1.1.1/go.mod h1:Mw26jU7jsL/KStNSGGuuVYdUq7Qghem5P8aXYXSXG88=
github.com/grafana/pyroscope-go/godeltaprof v0.1.7 h1:C11j63y7gymiW8VugJ9ZW0pWfxTZugdSJyC48olk5KY=
github.com/grafana/pyroscope-go/godeltaprof v0.1.7/go.mod h1:Tk376Nbldo4Cha9RgiU7ik8WKFkNpfds98aUzS8omLE=
github.com/klauspost/compress v1.17.3/go.mod h1:/dCuZOvVtNoHsyb+cuJD3itjs3NbnF6KH9zAO4BDxPM=
github.com/klauspost/compress v1.17.8 h1:YcnTYrq7MikUT7k0Yb5eceMmALQPYBW/Xltxn0NAMnU=
github.com/klauspost/compress v1.17.8/go.mod h1:Di0epgTjJY877eYKx5yC51cX2A2Vl2ibi7bDH9ttBbw=
github.com/kr/pretty v0.3.1 h1:flRD4NNwYAUpkphVc1HcthR4KEIFJ65n8Mw5qdRn3LE=
github.com/kr/pretty v0.3.1/go.mod h1:hoEshYVHaxMs3cyo3Yncou5ZscifuDolrwPKZanG3xk=
github.com/kr/text v0.2.0 h1:5Nx0Ya0ZqY2ygV366QzturHI13Jq95ApcVaJBhpS+AY=
github.com/kr/text v0.2.0/go.mod h1:eLer722TekiGuMkidMxC/pM04lWEeraHUUmBw8l2grE=
github.com/lib/pq v1.10.9 h1:YXG7RB+JIjhP29X+OtkiDnYaXQwpS4JEWq7dtCCRUEw=
github.com/lib/pq v1.10.9/go.mod h1:AlVN5x4E4T544tWzH6hKfbfQvm3HdbOxrmggDNAPY9o=
github.com/prometheus/client_golang v1.19.0 h1:ygXvpU1AoN1MhdzckN+PyD9QJOSD4x7kmXYlnfbA6JU=
github.com/prometheus/client_golang v1.19.0/go.mod h1:ZRM9uEAypZakd+q/x7+gmsvXdURP+DABIEIjnmDdp+k=
github.com/prometheus/client_model v0.6.1 h1:ZKSh/rekM+n3CeS952MLRAdFwIKqeY8b62p8ais2e9E=
github.com/prometheus/client_model v0.6.1/go.mod h1:OrxVMOVHjw3lKMa8+x6HeMGkHMQyHDk9E3jmP2AmGiY=
github.com/prometheus/common v0.52.3 h1:5f8uj6ZwHSscOGNdIQg6OiZv/ybiK2CO2q2drVZAQSA=
github.com/prometheus/common v0.52.3/go.mod h1:BrxBKv3FWBIGXw89Mg1AeBq7FSyRzXWI3l3e7W3RN5U=
github.com/prometheus/procfs v0.13.0 h1:GqzLlQyfsPbaEHaQkO7tbDlriv/4o5Hudv6OXHGKX7o=
github.com/prometheus/procfs v0.13.0/go.mod h1:cd4PFCR54QLnGKPaKGA6l+cfuNXtht43ZKY6tow0Y1g=
github.com/rogpeppe/go-internal v1.10.0 h1:TMyTOH3F/DB16zRVcYyreMH6GnZZrwQVAoYjRBZyWFQ=
github.com/rogpeppe/go-internal v1.10.0/go.mod h1:UQnix2H7Ngw/k4C5ijL5+65zddjncjaFoBhdsK/akog=
golang.conradwood.net/apis/auth v1.1.2941 h1:dt1H4KgvHKwFB7u2Vw8SjN6rmDcS5gB5Xo2XpAsRU6U=
golang.conradwood.net/apis/auth v1.1.2941/go.mod h1:1DCDf853b1JZlN9kWPsaR5FTyZOWY5/cSQC2X919R5w=
golang.conradwood.net/apis/autodeployer v1.1.2905 h1:R+Xgh+7tiDDweBLqdTqAPgzGqswWmdy4Awh6eClsE5c=
golang.conradwood.net/apis/autodeployer v1.1.2905/go.mod h1:zO+vR7AoT2TH2O1DbOrgDwfbl5KYsCBXwBjq239kR4s=
golang.conradwood.net/apis/common v1.1.2941 h1:8Po8Avy+69ks7ctP8I3QkV0pCvI51VUtEc7wygD5FtQ=
golang.conradwood.net/apis/common v1.1.2941/go.mod h1:SUOyJ4gz8Lu0Evn9TlIOh+y6MPXU+CyLeSOtACjgNNg=
golang.conradwood.net/apis/echoservice v1.1.2905 h1:UKwe8sBpXfp4OHxpTMdz+2KVEd1SDYKXrR39QvPZGmc=
golang.conradwood.net/apis/echoservice v1.1.2905/go.mod h1:uhyG5Ajz0ok43TjR7EhlDWfMOojAyLAuy0dFbEgHCps=
golang.conradwood.net/apis/errorlogger v1.1.2905 h1:aUXBNOQ1fQH8IystUO8+9TPYJtd9TtNRsXcWWiC4AdA=
golang.conradwood.net/apis/errorlogger v1.1.2905/go.mod h1:1yqXOemb4m9hEEa0rW4Y/KTGZ9qL9nzgJ96b+D6Lltc=
golang.conradwood.net/apis/framework v1.1.2905 h1:qIZ/7EVR2Sxt40iLBAIKAkO3JLj+v1EhuVRN8t1A4H8=
golang.conradwood.net/apis/framework v1.1.2905/go.mod h1:nGSSPHdgW5wfqbK2dUWcq6azIXZ5Toja5POBi61H32I=
golang.conradwood.net/apis/goeasyops v1.1.2941 h1:DcFYogfh4s2Uh37NtY5oFI/Gp8NpfzY7SPpyUr3Lohc=
golang.conradwood.net/apis/goeasyops v1.1.2941/go.mod h1:lKhhhJ4AKGKQqN8zPBVYGnoU9jRnouYsev/JhDH+XFU=
golang.conradwood.net/apis/grafanadata v1.1.2905 h1:OfCrIUKVTAp6ohjRitHrSQ2YrLAnMc2l+TVPS1Y0HS0=
golang.conradwood.net/apis/grafanadata v1.1.2905/go.mod h1:ogj4f8PpkMO/tBPO4s5bOWAFywtG6wioLmPPhqsTvnY=
golang.conradwood.net/apis/h2gproxy v1.1.2905 h1:nS3zunlmQeb5tHs0i2If/STJzws039FoDWFzr72YiRo=
golang.conradwood.net/apis/h2gproxy v1.1.2905/go.mod h1:Jk039oa+6+aFW90a+2zMN5fNXSse9iH2aNH3EKzxnfk=
golang.conradwood.net/apis/objectstore v1.1.2905 h1:PrFtvh5um+dXwQgDS/it538DIQZ4z21SDVrBVij0TKU=
golang.conradwood.net/apis/objectstore v1.1.2905/go.mod h1:hwJKPMlLDMot9KGBA8YonYADdQ4PUtKFwq60HyB3prc=
golang.conradwood.net/apis/registry v1.1.2905 h1:H3ieNrhuwTrdOvIxFNOi0fK8xmz7ZeZXbr7AaKQ+1XI=
golang.conradwood.net/apis/registry v1.1.2905/go.mod h1:Gf7fjGt/vc8wX6rFGXz5MWOnIgAoPEAD7gwSk/zorWY=
golang.conradwood.net/apis/slackgateway v1.1.2905 h1:u0oiXv+xch1iW8fJxhmueMTJRjK70NXtSrh6jJrXv6g=
golang.conradwood.net/apis/slackgateway v1.1.2905/go.mod h1:WyhaFs9gc22r4Mx9WYzEHP/ANV7b17LUECBhf+M5y4U=
golang.conradwood.net/go-easyops v0.1.27983 h1:OxIo0pKKM5NBMlGARaGZtBR4iAxXyF6QF4o/seC0sEI=
golang.conradwood.net/go-easyops v0.1.27983/go.mod h1:02KmReDa6G8sTKCcP6Wc8mhh4FVVDgDVNqDBDzvEtn4=
golang.org/x/net v0.26.0 h1:soB7SVo0PWrY4vPW/+ay0jKDNScG2X9wFeYlXIvJsOQ=
golang.org/x/net v0.26.0/go.mod h1:5YKkiSynbBIh3p6iOc/vibscux0x38BZDkn8sCUPxHE=
golang.org/x/sys v0.21.0 h1:rF+pYz3DAGSQAxAu1CbC7catZg4ebC4UIeIhKxBZvws=
golang.org/x/sys v0.21.0/go.mod h1:/VUhepiaJMQUp4+oa/7Zr1D23ma6VTLIYjOOTFZPUcA=
golang.org/x/text v0.16.0 h1:a94ExnEXNtEwYLGJSIUxnWoxoRz/ZcCsV63ROupILh4=
golang.org/x/text v0.16.0/go.mod h1:GhwF1Be+LQoKShO3cGOHzqOgRrGaYc9AvblQOmPVHnI=
golang.yacloud.eu/apis/autodeployer2 v1.1.2905 h1:ClwA1D4W8tp8i4nk6qcam/UB0kVuAJmrlrPDCTfW59k=
golang.yacloud.eu/apis/autodeployer2 v1.1.2905/go.mod h1:8QD7IQhIBjIiLj1Dn4fkayhXVT1E4j49E8cCanvDwSQ=
golang.yacloud.eu/apis/fscache v1.1.2905 h1:xFk38TYMEeWmyZJy0Q1Uf8etwjE2UVM0qMukzxHIuJw=
golang.yacloud.eu/apis/fscache v1.1.2905/go.mod h1:iJM5sXlMTgvnwFK9+Z+t+EDOJ5WtZ3rUfzy1hlyIJMk=
golang.yacloud.eu/apis/session v1.1.2941 h1:ZHcYoR8wX4gAb7kNtzuywmybx2njWP6yvbSvIqqW+4Y=
golang.yacloud.eu/apis/session v1.1.2941/go.mod h1:be1v1ZLEqOh0JHMuj0NmwR3V7TSE7sXu8kl7b3c/b6o=
golang.yacloud.eu/apis/unixipc v1.1.2905 h1:vwo68DEXyVtBQlju3/5E2Epqc0o+EWmB9MA4YajUUyc=
golang.yacloud.eu/apis/unixipc v1.1.2905/go.mod h1:/hvi9M6YzTOs/x5e4jMkjN6zKN5Id3pyqzBFQblGhKE=
golang.yacloud.eu/apis/urlcacher v1.1.2905 h1:VfWUgXhBGL2s/Yq4RsIuFfZmrZRoHrFDG6GMqGatH6c=
golang.yacloud.eu/apis/urlcacher v1.1.2905/go.mod h1:SVa050yfgh73lrJ/eSBk+zycwuzl+5rill3bO0niNbM=
golang.yacloud.eu/unixipc v0.1.26852 h1:bKxdKQVBTcuzgPuUv0ZUHui44Ys3KY+gOBTQ5m5S60s=
golang.yacloud.eu/unixipc v0.1.26852/go.mod h1:BboKEBCyQzeXbtXowwSLV9U+wI32wq49ZVs72+uO/ZI=
google.golang.org/genproto/googleapis/rpc v0.0.0-20240318140521-94a12d6c2237 h1:NnYq6UN9ReLM9/Y01KWNOWyI5xQ9kbIms5GGJVwS/Yc=
google.golang.org/genproto/googleapis/rpc v0.0.0-20240318140521-94a12d6c2237/go.mod h1:WtryC6hu0hhx87FDGxWCDptyssuo68sk10vYjF+T9fY=
google.golang.org/grpc v1.64.0 h1:KH3VH9y/MgNQg1dE7b3XfVK0GsPSIzJwdF617gUSbvY=
google.golang.org/grpc v1.64.0/go.mod h1:oxjF8E3FBnjp+/gVFYdWacaLDx9na1aqy9oovLpxQYg=
google.golang.org/protobuf v1.34.1 h1:9ddQBjfCyZPOHPUiPxpYESBLc+T8P3E+Vo4IbKZgFWg=
google.golang.org/protobuf v1.34.1/go.mod h1:c6P6GXX6sHbq/GpV6MGZEdwhWPcYBgnhAHhKbcUYpos=
gopkg.in/check.v1 v0.0.0-20161208181325-20d25e280405/go.mod h1:Co6ibVJAznAaIkqp8huTwlJQCZ016jof/cbN4VW5Yz0=
gopkg.in/check.v1 v1.0.0-20201130134442-10cb98267c6c h1:Hei/4ADfdWqJk1ZMxUNpqntNwaWcugrBjAiHlqqRiVk=
gopkg.in/check.v1 v1.0.0-20201130134442-10cb98267c6c/go.mod h1:JHkPIbrfpd72SG/EVd6muEfDQjcINNoR0C8j2r3qZ4Q=
gopkg.in/yaml.v2 v2.4.0 h1:D8xgwECY7CYvx+Y2n4sBz93Jn9JRvxdiyyo8CTfuKaY=
gopkg.in/yaml.v2 v2.4.0/go.mod h1:RDklbk79AGWmwhnvt/jBztapEOGDOx6ZbXqjP6csGnQ=
gopkg.in/yaml.v3 v3.0.1 h1:fxVm/GzAzEWqLHuvctI91KS9hhNmmWOoWu0XTYJS7CA=
gopkg.in/yaml.v3 v3.0.1/go.mod h1:K4uyk7z7BCEPqu6E+C64Yfv1cQ7kz7rIZviUmN+EgEM=
