github.com/beorn7/perks v1.0.1 h1:VlbKKnNfV8bJzeqoa4cOKqO6bYr3WgKZxO8Z16+hsOM=
github.com/beorn7/perks v1.0.1/go.mod h1:G2ZrVWU2WbWT9wwq4/hrbKbnv/1ERSJQ0ibhJ6rlkpw=
github.com/cespare/xxhash/v2 v2.2.0 h1:DC2CZ1Ep5Y4k3ZQ899DldepgrayRUGE6BBZ/cd9Cj44=
github.com/cespare/xxhash/v2 v2.2.0/go.mod h1:VGX0DQ3Q6kWi7AoAeZDth3/j3BFtOZR5XLFGgcrjCOs=
github.com/creack/pty v1.1.9/go.mod h1:oKZEueFk5CKHvIhNR5MUki03XCEU+Q6VDXinZuGJ33E=
github.com/davecgh/go-spew v1.1.1 h1:vj9j/u1bqnvCEfJOwUhtlOARqs3+rkHYY13jYWTU97c=
github.com/dustin/go-humanize v1.0.1 h1:GzkhY7T5VNhEkwH0PVJgjz+fX1rhBrR7pRT3mDkpeCY=
github.com/dustin/go-humanize v1.0.1/go.mod h1:Mu1zIs6XwVuF/gI1OepvI0qD18qycQx+mFykh5fBlto=
github.com/golang/protobuf v1.2.0/go.mod h1:6lQm79b+lXiMfvg/cZm0SGofjICqVBUtrP5yJMmIC1U=
github.com/golang/protobuf v1.3.5/go.mod h1:6O5/vntMXwX2lRkT1hjjk0nAC1IDOTvTlVgjlRvqsdk=
github.com/golang/protobuf v1.5.0/go.mod h1:FsONVRAS9T7sI+LIUmWTfcYkHO4aIWwzhcaSAoJOfIk=
github.com/golang/protobuf v1.5.3 h1:KhyjKVUg7Usr/dYsdSqoFveMYd5ko72D+zANwlG1mmg=
github.com/golang/protobuf v1.5.3/go.mod h1:XVQd3VNwM+JqD3oG2Ue2ip4fOMUkwXdXDdiuN0vRsmY=
github.com/google/go-cmp v0.5.5/go.mod h1:v8dTdLbMG2kIc/vJvl+f65V22dbkXbowE6jgT/gNBxE=
github.com/google/go-cmp v0.5.9 h1:O2Tfq5qg4qc4AmwVlvv0oLiVAGB7enBSJ2x2DqQFi38=
github.com/kr/pretty v0.3.1 h1:flRD4NNwYAUpkphVc1HcthR4KEIFJ65n8Mw5qdRn3LE=
github.com/kr/text v0.2.0 h1:5Nx0Ya0ZqY2ygV366QzturHI13Jq95ApcVaJBhpS+AY=
github.com/kr/text v0.2.0/go.mod h1:eLer722TekiGuMkidMxC/pM04lWEeraHUUmBw8l2grE=
github.com/matttproud/golang_protobuf_extensions v1.0.4 h1:mmDVorXM7PCGKw94cs5zkfA9PSy5pEvNWRP0ET0TIVo=
github.com/matttproud/golang_protobuf_extensions v1.0.4/go.mod h1:BSXmuO+STAnVfrANrmjBb36TMTDstsz7MSK+HVaYKv4=
github.com/prometheus/client_golang v1.14.0 h1:nJdhIvne2eSX/XRAFV9PcvFFRbrjbcTUj0VP62TMhnw=
github.com/prometheus/client_golang v1.14.0/go.mod h1:8vpkKitgIVNcqrRBWh1C4TIUQgYNtG/XQE4E/Zae36Y=
github.com/prometheus/client_model v0.3.0 h1:UBgGFHqYdG/TPFD1B1ogZywDqEkwp3fBMvqdiQ7Xew4=
github.com/prometheus/client_model v0.3.0/go.mod h1:LDGWKZIo7rky3hgvBe+caln+Dr3dPggB5dvjtD7w9+w=
github.com/prometheus/common v0.42.0 h1:EKsfXEYo4JpWMHH5cg+KOUWeuJSov1Id8zGR8eeI1YM=
github.com/prometheus/common v0.42.0/go.mod h1:xBwqVerjNdUDjgODMpudtOMwlOwf2SaTr1yjz4b7Zbc=
github.com/prometheus/procfs v0.9.0 h1:wzCHvIvM5SxWqYvwgVL7yJY8Lz3PKn49KQtpgMYJfhI=
github.com/prometheus/procfs v0.9.0/go.mod h1:+pB4zwohETzFnmlpe6yd2lSc+0/46IYZRB/chUwxUZY=
github.com/rogpeppe/go-internal v1.9.0 h1:73kH8U+JUqXU8lRuOHeVHaa/SZPifC7BkcraZVejAe8=
github.com/rogpeppe/go-internal v1.9.0/go.mod h1:WtVeX8xhTBvf0smdhujwtBcq4Qrzq/fJaraNFVN+nFs=
golang.conradwood.net/apis/auth v1.1.2240 h1:Txd5FEzeIdW7zk+wqtoMVhHXDCWi4tpQo67vYdCbvEE=
golang.conradwood.net/apis/auth v1.1.2240/go.mod h1:H6PNotkHzzsCwQxlksL6hK65LIEcU8MHPfRf/YMYKbw=
golang.conradwood.net/apis/auth v1.1.2244 h1:TRNaebpx0vgX//ToqIb3Qr6EREY01CTbBImPoyXO13g=
golang.conradwood.net/apis/auth v1.1.2244/go.mod h1:fPDv2CogmdzpSRhnOH6ZvlE9j8+Ow5TiGo2BfZAI9ys=
golang.conradwood.net/apis/common v1.1.2240 h1:hQwiXgc7U9+29rqgRRiZRCf9z8/1TrsUbDLwfMDXmRA=
golang.conradwood.net/apis/common v1.1.2240/go.mod h1:SDCdEySd2WwaOY8TMubllzRlZhWdWe74qQWEWTah6D4=
golang.conradwood.net/apis/common v1.1.2244 h1:ZHOX+JdNksjcS9bCQIMr1fcJwfU5sK3NayUnVWmTer8=
golang.conradwood.net/apis/common v1.1.2244/go.mod h1:L8Px+3Lzq8Zxpqpi5phGa1kCjkmquaKr4SDGIw4pzJg=
golang.conradwood.net/apis/deploymonkey v1.1.2240 h1:Fsjbn2Ev4KTbgKM45UrZrHuDYFjrQwPq5fDCACZt0T8=
golang.conradwood.net/apis/deploymonkey v1.1.2240/go.mod h1:zsR4k2PiJ8ZOrKJ48jDwYcCJOl1VI2HCJ0p/4+qYda8=
golang.conradwood.net/apis/deploymonkey v1.1.2244 h1:sXYFxxpT8GTsc78YxXLO9xzzuppXzHyR4b8r5wub0AI=
golang.conradwood.net/apis/deploymonkey v1.1.2244/go.mod h1:cwNcr0ssrsIokOzWvuAmixt643h0UqKSaaQjrSLUfP4=
golang.conradwood.net/apis/echoservice v1.1.2240 h1:7U/L7iap9VpC1w1WVgvfU3Yqkhs1+Hs47AwnTDwOAYc=
golang.conradwood.net/apis/echoservice v1.1.2240/go.mod h1:xyHVwPwCDkuXMvs+sv9PnQ1Q8FdgdRTmx/7WJ9XUBRM=
golang.conradwood.net/apis/echoservice v1.1.2244 h1:TwaI7pffqyRqm7kbsHwOVhZttTdhqbwA6d/UxLPnVcw=
golang.conradwood.net/apis/echoservice v1.1.2244/go.mod h1:Wes1OLbI55j7zfp+tfZsiug+dACf/22ZVV+osDXz4G8=
golang.conradwood.net/apis/errorlogger v1.1.2240 h1:ER9DmzOV2F+IFAVw4Bc5y6B+KANrw1/uxcsH7DJM0z8=
golang.conradwood.net/apis/errorlogger v1.1.2240/go.mod h1:I8tY+abXfqqt/YkwmSKRfVPURzrfF80GxGvpOXHqgSI=
golang.conradwood.net/apis/errorlogger v1.1.2244 h1:C+GVaaDlY9jXxNJaUCwUlF/fbD7b4GjodMIg6wvb1sw=
golang.conradwood.net/apis/errorlogger v1.1.2244/go.mod h1:yT1eWdN6d4ewDmRJ9faxK03tQk8zf+r+Y8lCr3/Xh6Q=
golang.conradwood.net/apis/framework v1.1.2240 h1:1plkRGdnxulJCLHuz+c6aJJE3wshuYnrj2FZiZZxAeg=
golang.conradwood.net/apis/framework v1.1.2240/go.mod h1:zJGUiihmq2dz106fkTQt7uT9m0Qe4f1Mp3kU9q1qd9E=
golang.conradwood.net/apis/framework v1.1.2244 h1:Fk+ABEEXLFrrC9IeyHTCnB92e+xM9FFhFYGWiUkWrMM=
golang.conradwood.net/apis/framework v1.1.2244/go.mod h1:uEXb46aJbQb5LaY8eKPS1igH1R+bA/c2ae/TduS/8ls=
golang.conradwood.net/apis/goeasyops v1.1.2240 h1:6As5IxHHmR/kVRWhcD7a+NjBnWm4rgXi2oGeG22KsBo=
golang.conradwood.net/apis/goeasyops v1.1.2240/go.mod h1:kmfWbZZO6V8xbYgh1RxHQe86nWN78sgBPJcRIEWPU3o=
golang.conradwood.net/apis/goeasyops v1.1.2244 h1:EdXQys13vP5HHAeBcFZ3s/q+1Jvcu11TP3dVYdo5fXg=
golang.conradwood.net/apis/goeasyops v1.1.2244/go.mod h1:RUtn94nFYGDbRCMaukl4eg5/c6DzLKCCE3nkec7H3L8=
golang.conradwood.net/apis/logservice v1.1.2240 h1:UqVwlFmJRHSfmwsjAwlRQtyVJFvdFwfRnn+vCjNGvkU=
golang.conradwood.net/apis/logservice v1.1.2240/go.mod h1:QF63Z2gOkC10rTA45VzF/zMeScFnICVP4HFF3c45pRs=
golang.conradwood.net/apis/logservice v1.1.2244 h1:WEPnLFgd6wC3Y5oF4fQFKEkA/Apzz9rcXwGZjvJyw84=
golang.conradwood.net/apis/logservice v1.1.2244/go.mod h1:ME0ZvACVLCu9K9EvVGzy+yf7/zAg92r0B5+D1oH7KgM=
golang.conradwood.net/apis/objectstore v1.1.2240 h1:EPB9gvwmwv/t6w7dQFMtWIu6khPIJ3V4EhRDQWd3+MM=
golang.conradwood.net/apis/objectstore v1.1.2240/go.mod h1:GUZLTMvH6sJcipCpO0XtQY1cVEkeQgVBVPCKaYKOWSc=
golang.conradwood.net/apis/objectstore v1.1.2244 h1:yLHt/88gMg6h1vou1GXOROGkjfIKwkbYWKQsiVka8Xo=
golang.conradwood.net/apis/objectstore v1.1.2244/go.mod h1:go8L5xq2Z0Viw4C4WOrMoM5A9RJFaVwYyd3/7dN1myw=
golang.conradwood.net/apis/registry v1.1.2240 h1:CueUsdy9mb37Roqu9UbM40hOJ5PQQPxQBruEXgn8XCI=
golang.conradwood.net/apis/registry v1.1.2240/go.mod h1:goUp6yfQv5rU0CpctzpTwNHPekya/XpQI3NwSlcoDDE=
golang.conradwood.net/apis/registry v1.1.2244 h1:3mK8S5ZvjAbR7jxviJSkoR2sqV/dFCWye9cid7/8aA4=
golang.conradwood.net/apis/registry v1.1.2244/go.mod h1:5hSgJqXkbfo2b0cPfTJUlgsUTDiTO6e5AfCP2f9T95I=
golang.conradwood.net/apis/rpcinterceptor v1.1.2240 h1:sURvUmuaox/4jCF0ao/5Xpj/T6+5cO2GKR9RQqy80aw=
golang.conradwood.net/apis/rpcinterceptor v1.1.2240/go.mod h1:57CanJLwdy8IazUQKF3p0hlURoXAzO3RLzk0m2XFCok=
golang.conradwood.net/apis/rpcinterceptor v1.1.2244 h1:nh0jkBJZQX4zrrCohL2/ub7z1YYhWsIJLcKuaZgi+FA=
golang.conradwood.net/apis/rpcinterceptor v1.1.2244/go.mod h1:8Bst28i0JtrTM1vBh0pBpDS5pS7sJg9VKX8/x8o4AwY=
golang.conradwood.net/apis/secureargs v1.1.2240 h1:nX4ZEvXVvZ9KMSQbi+Ek0YRqti+T8UapAqqwtDon0GU=
golang.conradwood.net/apis/secureargs v1.1.2240/go.mod h1:fTR1uZ/jBDlqYFmaBKSMoBwBtOtaFbgys0cBrGUcWvs=
golang.conradwood.net/apis/secureargs v1.1.2244 h1:ioBvHahHURIynQcXNDlPrAkEB2TxckcKVqO0Ht3qB2k=
golang.conradwood.net/apis/secureargs v1.1.2244/go.mod h1:MNVPo2uWU6zHCXfNny+UAyInYwFl0aw3CQUB70JmgGQ=
golang.conradwood.net/go-easyops v0.1.16845 h1:eBq1iE+bNGvb61lIv2iOeuKAI5Aa3wcbJ1rrTNPgqMI=
golang.conradwood.net/go-easyops v0.1.16845/go.mod h1:yZf7C0FSt15iSXc6EkD6TTMUbju1h81cON5Bap1buU4=
golang.org/x/net v0.8.0 h1:Zrh2ngAOFYneWTAIAPethzeaQLuHwhuBkuV6ZiRnUaQ=
golang.org/x/net v0.8.0/go.mod h1:QVkue5JL9kW//ek3r6jTKnTFis1tRmNAW2P1shuFdJc=
golang.org/x/sync v0.0.0-20181221193216-37e7f081c4d4/go.mod h1:RxMgew5VJxzue5/jJTE5uejpjVlOe/izrB70Jof72aM=
golang.org/x/sys v0.6.0 h1:MVltZSvRTcU2ljQOhs94SXPftV6DCNnZViHeQps87pQ=
golang.org/x/sys v0.6.0/go.mod h1:oPkhp1MJrh7nUepCBck5+mAzfO9JrbApNNgaTdGDITg=
golang.org/x/text v0.8.0 h1:57P1ETyNKtuIjB4SRd15iJxuhj8Gc416Y78H3qgMh68=
golang.org/x/text v0.8.0/go.mod h1:e1OnstbJyHTd6l/uOt8jFFHp6TRDWZR/bV3emEE/zU8=
golang.org/x/xerrors v0.0.0-20191204190536-9bdfabe68543/go.mod h1:I/5z698sn9Ka8TeJc9MKroUUfqBBauWjQqLJ2OPfmY0=
golang.yacloud.eu/apis/session v1.1.2240 h1:d0U673FBuHPWP/XkKqsMlY3AsFAE1gYbVYKClKT1ZN8=
golang.yacloud.eu/apis/session v1.1.2240/go.mod h1:8nF5q8/Neh4v5PbG4lpFnPVOZWSNgEZQOHCM0vTAtNo=
golang.yacloud.eu/apis/session v1.1.2244 h1:3dR2XYlvR3e37wopj6pgsUD8Zcv9x/Jd/TTNWdSYYn4=
golang.yacloud.eu/apis/session v1.1.2244/go.mod h1:KEnmd86rnCH4Y5+1gZ5RE6AHqW8q1cymWJ81XCqvvug=
golang.yacloud.eu/apis/urlcacher v1.1.2240 h1:GUs0+Qnl0BacrEfLHJKkjNTmKN8TVrCzji4h9EI3RdE=
golang.yacloud.eu/apis/urlcacher v1.1.2240/go.mod h1:9G7EXwU4qnhXmTD9lJP2KJlpuPwr6F4yl5HzIbJV5KI=
golang.yacloud.eu/apis/urlcacher v1.1.2244 h1:vFMYvZjjvjOdUJqIpYScH/rxlKoYY74swyxOnLPNnqM=
golang.yacloud.eu/apis/urlcacher v1.1.2244/go.mod h1:++RJf8z75WjaMTCKBxBrD8bgxSg61rVjuMTZqJyDGxQ=
google.golang.org/genproto v0.0.0-20230110181048-76db0878b65f h1:BWUVssLB0HVOSY78gIdvk1dTVYtT1y8SBWtPYuTJ/6w=
google.golang.org/genproto v0.0.0-20230110181048-76db0878b65f/go.mod h1:RGgjbofJ8xD9Sq1VVhDM1Vok1vRONV+rg+CjzG4SZKM=
google.golang.org/grpc v1.53.0 h1:LAv2ds7cmFV/XTS3XG1NneeENYrXGmorPxsBbptIjNc=
google.golang.org/grpc v1.53.0/go.mod h1:OnIrk0ipVdj4N5d9IUoFUx72/VlD7+jUsHwZgwSMQpw=
google.golang.org/protobuf v1.26.0-rc.1/go.mod h1:jlhhOSvTdKEhbULTjvd4ARK9grFBp09yW+WbY/TyQbw=
google.golang.org/protobuf v1.26.0/go.mod h1:9q0QmTI4eRPtz6boOQmLYwt+qCgq0jsYwAQnmE0givc=
google.golang.org/protobuf v1.30.0 h1:kPPoIgf3TsEvrm0PFe15JQ+570QVxYzEvvHqChK+cng=
google.golang.org/protobuf v1.30.0/go.mod h1:HV8QOd/L58Z+nl8r43ehVNZIU/HEI6OcFqwMG9pJV4I=
gopkg.in/check.v1 v0.0.0-20161208181325-20d25e280405/go.mod h1:Co6ibVJAznAaIkqp8huTwlJQCZ016jof/cbN4VW5Yz0=
gopkg.in/check.v1 v1.0.0-20201130134442-10cb98267c6c h1:Hei/4ADfdWqJk1ZMxUNpqntNwaWcugrBjAiHlqqRiVk=
gopkg.in/yaml.v2 v2.4.0 h1:D8xgwECY7CYvx+Y2n4sBz93Jn9JRvxdiyyo8CTfuKaY=
gopkg.in/yaml.v2 v2.4.0/go.mod h1:RDklbk79AGWmwhnvt/jBztapEOGDOx6ZbXqjP6csGnQ=
