github.com/beorn7/perks v1.0.1 h1:VlbKKnNfV8bJzeqoa4cOKqO6bYr3WgKZxO8Z16+hsOM=
github.com/beorn7/perks v1.0.1/go.mod h1:G2ZrVWU2WbWT9wwq4/hrbKbnv/1ERSJQ0ibhJ6rlkpw=
github.com/cespare/xxhash/v2 v2.2.0 h1:DC2CZ1Ep5Y4k3ZQ899DldepgrayRUGE6BBZ/cd9Cj44=
github.com/cespare/xxhash/v2 v2.2.0/go.mod h1:VGX0DQ3Q6kWi7AoAeZDth3/j3BFtOZR5XLFGgcrjCOs=
github.com/creack/pty v1.1.9/go.mod h1:oKZEueFk5CKHvIhNR5MUki03XCEU+Q6VDXinZuGJ33E=
github.com/davecgh/go-spew v1.1.1 h1:vj9j/u1bqnvCEfJOwUhtlOARqs3+rkHYY13jYWTU97c=
github.com/dustin/go-humanize v1.0.1 h1:GzkhY7T5VNhEkwH0PVJgjz+fX1rhBrR7pRT3mDkpeCY=
github.com/dustin/go-humanize v1.0.1/go.mod h1:Mu1zIs6XwVuF/gI1OepvI0qD18qycQx+mFykh5fBlto=
github.com/golang/protobuf v1.2.0/go.mod h1:6lQm79b+lXiMfvg/cZm0SGofjICqVBUtrP5yJMmIC1U=
github.com/golang/protobuf v1.3.5/go.mod h1:6O5/vntMXwX2lRkT1hjjk0nAC1IDOTvTlVgjlRvqsdk=
github.com/golang/protobuf v1.5.0/go.mod h1:FsONVRAS9T7sI+LIUmWTfcYkHO4aIWwzhcaSAoJOfIk=
github.com/golang/protobuf v1.5.2 h1:ROPKBNFfQgOUMifHyP+KYbvpjbdoFNs+aK7DXlji0Tw=
github.com/golang/protobuf v1.5.2/go.mod h1:XVQd3VNwM+JqD3oG2Ue2ip4fOMUkwXdXDdiuN0vRsmY=
github.com/google/go-cmp v0.5.5/go.mod h1:v8dTdLbMG2kIc/vJvl+f65V22dbkXbowE6jgT/gNBxE=
github.com/google/go-cmp v0.5.9 h1:O2Tfq5qg4qc4AmwVlvv0oLiVAGB7enBSJ2x2DqQFi38=
github.com/kr/pretty v0.3.1 h1:flRD4NNwYAUpkphVc1HcthR4KEIFJ65n8Mw5qdRn3LE=
github.com/kr/text v0.2.0 h1:5Nx0Ya0ZqY2ygV366QzturHI13Jq95ApcVaJBhpS+AY=
github.com/kr/text v0.2.0/go.mod h1:eLer722TekiGuMkidMxC/pM04lWEeraHUUmBw8l2grE=
github.com/matttproud/golang_protobuf_extensions v1.0.4 h1:mmDVorXM7PCGKw94cs5zkfA9PSy5pEvNWRP0ET0TIVo=
github.com/matttproud/golang_protobuf_extensions v1.0.4/go.mod h1:BSXmuO+STAnVfrANrmjBb36TMTDstsz7MSK+HVaYKv4=
github.com/prometheus/client_golang v1.14.0 h1:nJdhIvne2eSX/XRAFV9PcvFFRbrjbcTUj0VP62TMhnw=
github.com/prometheus/client_golang v1.14.0/go.mod h1:8vpkKitgIVNcqrRBWh1C4TIUQgYNtG/XQE4E/Zae36Y=
github.com/prometheus/client_model v0.3.0 h1:UBgGFHqYdG/TPFD1B1ogZywDqEkwp3fBMvqdiQ7Xew4=
github.com/prometheus/client_model v0.3.0/go.mod h1:LDGWKZIo7rky3hgvBe+caln+Dr3dPggB5dvjtD7w9+w=
github.com/prometheus/common v0.39.0 h1:oOyhkDq05hPZKItWVBkJ6g6AtGxi+fy7F4JvUV8uhsI=
github.com/prometheus/common v0.39.0/go.mod h1:6XBZ7lYdLCbkAVhwRsWTZn+IN5AB9F/NXd5w0BbEX0Y=
github.com/prometheus/procfs v0.9.0 h1:wzCHvIvM5SxWqYvwgVL7yJY8Lz3PKn49KQtpgMYJfhI=
github.com/prometheus/procfs v0.9.0/go.mod h1:+pB4zwohETzFnmlpe6yd2lSc+0/46IYZRB/chUwxUZY=
github.com/rogpeppe/go-internal v1.9.0 h1:73kH8U+JUqXU8lRuOHeVHaa/SZPifC7BkcraZVejAe8=
github.com/rogpeppe/go-internal v1.9.0/go.mod h1:WtVeX8xhTBvf0smdhujwtBcq4Qrzq/fJaraNFVN+nFs=
golang.conradwood.net/apis/auth v1.1.2147 h1:SQ9ob7Wl8qFkTsh0rjwH7snoc0Uxsx7Mp64h9B88W1g=
golang.conradwood.net/apis/auth v1.1.2147/go.mod h1:b1/uvd5gMPnfg80ddhT1+PJaCBIowQrg2kpEMOWk/BA=
golang.conradwood.net/apis/auth v1.1.2167 h1:d6J+eVYI6+/Kw0MN/gQCytyZgJ9bBmGZZ+9uB9+QUc8=
golang.conradwood.net/apis/auth v1.1.2167/go.mod h1:tTItUYHCvEf5EOCAcaaOLfwCxPddvkXxZjUhXv426W0=
golang.conradwood.net/apis/common v1.1.2147 h1:szAsTiyG3eqKtcyB+hPtgFyIDHM0y+9Xq5o4A49PER0=
golang.conradwood.net/apis/common v1.1.2147/go.mod h1:w6FF+lCdZHWiCeedCH/5BrX9FNch78mvYf/ewVlouKE=
golang.conradwood.net/apis/common v1.1.2167 h1:b47eWUR63KwwNXJWKu/oNNVoyghrssavXrD4RBV1iG8=
golang.conradwood.net/apis/common v1.1.2167/go.mod h1:zAJknWXlYKcXIiEi+QZVtZ2rwC1E8v4eei8pJFUupdQ=
golang.conradwood.net/apis/deploymonkey v1.1.2147 h1:dtw/cLectTPK9YwWHM9jt8JuZHshs5qzWwcb4yN6enU=
golang.conradwood.net/apis/deploymonkey v1.1.2147/go.mod h1:xUoYCZ5p9WdAGmBPsfyKKyiE2+o7E+tUR6dpsMna0h8=
golang.conradwood.net/apis/deploymonkey v1.1.2167 h1:QM1y5t72TWs2R49MUONQubEwhhthl/DzQRoiStGikK8=
golang.conradwood.net/apis/deploymonkey v1.1.2167/go.mod h1:JLSQ6AHsiL1It26CcKYD+JLcqu3FH158RNS/uIiqvz0=
golang.conradwood.net/apis/echoservice v1.1.2147 h1:jGlHk5XKs+JbVIJ+y4/RH/BJLv9irgVr07HIJf+ZFk8=
golang.conradwood.net/apis/echoservice v1.1.2147/go.mod h1:G4IZvpV0hfPiaEN6+9P55Hptg989jm8t/voPQ72frRM=
golang.conradwood.net/apis/echoservice v1.1.2167 h1:C/ImURyN1anxxeT9z9BXBemZtMai0L4emFvoEmM6pAo=
golang.conradwood.net/apis/echoservice v1.1.2167/go.mod h1:Q79CTduWLVVRw5B5ANgYsnet1E+gcd5Oh6BFSXYF5wU=
golang.conradwood.net/apis/errorlogger v1.1.2147 h1:k7203XmfZ5u1MXzzCBQ2f5ABlRupLZc60rtPnkubI/g=
golang.conradwood.net/apis/errorlogger v1.1.2147/go.mod h1:qSRx52PVQQxcuGIBkC0KHiOjxsnc4WIayci4UKjz+bw=
golang.conradwood.net/apis/errorlogger v1.1.2167 h1:fjGxGK4dS4h+3TVZi7vxaryH3SyfhgFIzK6z/4T7H+M=
golang.conradwood.net/apis/errorlogger v1.1.2167/go.mod h1:7BCiSbnYq7Iuu9vIdvFfDoatef7RIl5ew1k9NCMA2PY=
golang.conradwood.net/apis/framework v1.1.2147 h1:+l76X16SALkbiYjg9V3f9wuqt6sebaH3hBq6YeffxLY=
golang.conradwood.net/apis/framework v1.1.2147/go.mod h1:BPTDbMyvH797KKVsRnNfljv6cnBTzOxHjoxhNzSF95s=
golang.conradwood.net/apis/framework v1.1.2167 h1:A9cJ9KO/iO5gnb8H2MWtYW8MoU2+A4nrKPotu/hdxRY=
golang.conradwood.net/apis/framework v1.1.2167/go.mod h1:LhpR44lWI0Wh6il+ctZlKbuLoB5Rl0BqY1WC6v+QToY=
golang.conradwood.net/apis/goeasyops v1.1.2144 h1:iu15WvutszqbJn+eowmoAMQLLrcFqBPXlbvRbKKDWCs=
golang.conradwood.net/apis/goeasyops v1.1.2144/go.mod h1:d9hEpZkT7EBWa+SAQ5NyJD2c4pvcgu+r1jJVQSdNCKI=
golang.conradwood.net/apis/goeasyops v1.1.2167 h1:qElfw6MXzzkxUerNkDVYM+wBaTxuCbGRnr5Rmc1dwgQ=
golang.conradwood.net/apis/goeasyops v1.1.2167/go.mod h1:qO0ypTSbR2NH6H7l7krOjn5jBwAAupGD+Dorqj6Y9Yg=
golang.conradwood.net/apis/logservice v1.1.2147 h1:05taTm16++SWOgtBxbyGhk7vPi1ttZkTaU2FsDHd/7Y=
golang.conradwood.net/apis/logservice v1.1.2147/go.mod h1:xM5Ed20SpTwDbdhUbjdWbnM8Wdxgaz7EHSv+cKRgdL8=
golang.conradwood.net/apis/logservice v1.1.2167 h1:sFTOPDnTiOpBiRKCuT2foG4eZAV2SCf+T4g3TQInipg=
golang.conradwood.net/apis/logservice v1.1.2167/go.mod h1:pi2rnf8u+zol3sHkKl1VK+I8TGExPqAMtudzaYYtybA=
golang.conradwood.net/apis/objectstore v1.1.2147 h1:TQXHUfAkGzblbbV/0DO6pl2t6Jl8K00l2U3f03zSpeo=
golang.conradwood.net/apis/objectstore v1.1.2147/go.mod h1:fQMO9qqH0j3Mbpy0emak8t0gin0WQnJr1hxogsRqng8=
golang.conradwood.net/apis/objectstore v1.1.2167 h1:xBQ2MwJUjuWUiq3J4vgW6XeBQCQCBQJylAHVR24pKrw=
golang.conradwood.net/apis/objectstore v1.1.2167/go.mod h1:NcFG9ct3+RiVam/IzchyOufN4vY6Px4n8qkEyXKQeZU=
golang.conradwood.net/apis/registry v1.1.2147 h1:lzKIZ7kE5NaGbvD9XgpiZmFEiPY54jW1NM9Im1cxAjM=
golang.conradwood.net/apis/registry v1.1.2147/go.mod h1:sarLDbgkKQhTT2lyWBEsYMhkCszdjxvtWk+r4msIhig=
golang.conradwood.net/apis/registry v1.1.2167 h1:zjIffF2YICPmxF8xreK1Zjl44LjLoyLX6iJ4i0UYYXk=
golang.conradwood.net/apis/registry v1.1.2167/go.mod h1:cZb4y2xS+hT9pGpZtz4lpm+Vh8tHOUcvjaZKlzfNh0Q=
golang.conradwood.net/apis/rpcinterceptor v1.1.2147 h1:1hkprGeL43xLoTKu4JEyKACUWva8jeYGTtKrAveFRWw=
golang.conradwood.net/apis/rpcinterceptor v1.1.2147/go.mod h1:QYaMCLJATMZKUjHNqkCMPvEr3Kii0CDzTbr3pkS7YzQ=
golang.conradwood.net/apis/rpcinterceptor v1.1.2167 h1:OiwnT5K4OQ0YWJPKS0itq3tgiD2IW6f6nfVdqqIobOM=
golang.conradwood.net/apis/rpcinterceptor v1.1.2167/go.mod h1:iqruUuoG/1Cq8N4Jnepn/TNPl5caI1EJm5AxfVxc0Lw=
golang.conradwood.net/apis/secureargs v1.1.2144 h1:55dC0zbGuqIht2c6qSERk06AU9pmrJo26iRCMw2h4x8=
golang.conradwood.net/apis/secureargs v1.1.2144/go.mod h1:pQtTyzgUZSdGsABwrE5l3nGk5JkSBJ29Z48owGZROCE=
golang.conradwood.net/apis/secureargs v1.1.2167 h1:84cNOxUyvwPOYeDWblhCs3HZkR1Nc3zSyejBFEoO+kY=
golang.conradwood.net/apis/secureargs v1.1.2167/go.mod h1:+Y/OQJynqByfz0XbVTYlpqZM7TILrxRKpap6xTSAz3s=
golang.conradwood.net/go-easyops v0.1.16499 h1:rN7Fn8U0UVJWXGN+OaKXjCIiU0UnqfCu64wazd7+sps=
golang.conradwood.net/go-easyops v0.1.16499/go.mod h1:WfxhVB8MmdFmUF6tmnSAR5v5PWF1GTrnXeYmkmTIOrs=
golang.conradwood.net/go-easyops v0.1.16588 h1:X6nvoSPUWvIDr/klP7s/ea/6wJUUCW8SWjYItVm8uaw=
golang.conradwood.net/go-easyops v0.1.16588/go.mod h1:WfxhVB8MmdFmUF6tmnSAR5v5PWF1GTrnXeYmkmTIOrs=
golang.org/x/net v0.7.0 h1:rJrUqqhjsgNp7KqAIc25s9pZnjU7TUcSY7HcVZjdn1g=
golang.org/x/net v0.7.0/go.mod h1:2Tu9+aMcznHK/AK1HMvgo6xiTLG5rD5rZLDS+rp2Bjs=
golang.org/x/sync v0.0.0-20181221193216-37e7f081c4d4/go.mod h1:RxMgew5VJxzue5/jJTE5uejpjVlOe/izrB70Jof72aM=
golang.org/x/sys v0.5.0 h1:MUK/U/4lj1t1oPg0HfuXDN/Z1wv31ZJ/YcPiGccS4DU=
golang.org/x/sys v0.5.0/go.mod h1:oPkhp1MJrh7nUepCBck5+mAzfO9JrbApNNgaTdGDITg=
golang.org/x/text v0.7.0 h1:4BRB4x83lYWy72KwLD/qYDuTu7q9PjSagHvijDw7cLo=
golang.org/x/text v0.7.0/go.mod h1:mrYo+phRRbMaCq/xk9113O4dZlRixOauAjOtrjsXDZ8=
golang.org/x/xerrors v0.0.0-20191204190536-9bdfabe68543/go.mod h1:I/5z698sn9Ka8TeJc9MKroUUfqBBauWjQqLJ2OPfmY0=
golang.yacloud.eu/apis/urlcacher v1.1.2147 h1:QlUXs5k8yaovJa8tU+GVEJHuc2Ms8aU7CiHsS1brZzo=
golang.yacloud.eu/apis/urlcacher v1.1.2147/go.mod h1:79kiDp9JOTpl26iBZSnfBSaDOKiJ9u++13QHmIToTXk=
golang.yacloud.eu/apis/urlcacher v1.1.2167 h1:a9jbOkPnU8/Bs20uooU4yvy2hdg958GATjh/neAoHps=
golang.yacloud.eu/apis/urlcacher v1.1.2167/go.mod h1:5xD1w/lfMLYpEaoL4o+I/QkVGP/YI53N/SoY8HwhxNQ=
google.golang.org/genproto v0.0.0-20230110181048-76db0878b65f h1:BWUVssLB0HVOSY78gIdvk1dTVYtT1y8SBWtPYuTJ/6w=
google.golang.org/genproto v0.0.0-20230110181048-76db0878b65f/go.mod h1:RGgjbofJ8xD9Sq1VVhDM1Vok1vRONV+rg+CjzG4SZKM=
google.golang.org/grpc v1.53.0 h1:LAv2ds7cmFV/XTS3XG1NneeENYrXGmorPxsBbptIjNc=
google.golang.org/grpc v1.53.0/go.mod h1:OnIrk0ipVdj4N5d9IUoFUx72/VlD7+jUsHwZgwSMQpw=
google.golang.org/protobuf v1.26.0-rc.1/go.mod h1:jlhhOSvTdKEhbULTjvd4ARK9grFBp09yW+WbY/TyQbw=
google.golang.org/protobuf v1.26.0/go.mod h1:9q0QmTI4eRPtz6boOQmLYwt+qCgq0jsYwAQnmE0givc=
google.golang.org/protobuf v1.28.1 h1:d0NfwRgPtno5B1Wa6L2DAG+KivqkdutMf1UhdNx175w=
google.golang.org/protobuf v1.28.1/go.mod h1:HV8QOd/L58Z+nl8r43ehVNZIU/HEI6OcFqwMG9pJV4I=
gopkg.in/check.v1 v0.0.0-20161208181325-20d25e280405/go.mod h1:Co6ibVJAznAaIkqp8huTwlJQCZ016jof/cbN4VW5Yz0=
gopkg.in/check.v1 v1.0.0-20201130134442-10cb98267c6c h1:Hei/4ADfdWqJk1ZMxUNpqntNwaWcugrBjAiHlqqRiVk=
gopkg.in/yaml.v2 v2.4.0 h1:D8xgwECY7CYvx+Y2n4sBz93Jn9JRvxdiyyo8CTfuKaY=
gopkg.in/yaml.v2 v2.4.0/go.mod h1:RDklbk79AGWmwhnvt/jBztapEOGDOx6ZbXqjP6csGnQ=
