github.com/beorn7/perks v1.0.1 h1:VlbKKnNfV8bJzeqoa4cOKqO6bYr3WgKZxO8Z16+hsOM=
github.com/beorn7/perks v1.0.1/go.mod h1:G2ZrVWU2WbWT9wwq4/hrbKbnv/1ERSJQ0ibhJ6rlkpw=
github.com/cespare/xxhash/v2 v2.3.0 h1:UL815xU9SqsFlibzuggzjXhog7bL6oX9BbNZnL2UFvs=
github.com/cespare/xxhash/v2 v2.3.0/go.mod h1:VGX0DQ3Q6kWi7AoAeZDth3/j3BFtOZR5XLFGgcrjCOs=
github.com/davecgh/go-spew v1.1.1 h1:vj9j/u1bqnvCEfJOwUhtlOARqs3+rkHYY13jYWTU97c=
github.com/davecgh/go-spew v1.1.1/go.mod h1:J7Y8YcW2NihsgmVo/mv3lAwl/skON4iLHjSsI+c5H38=
github.com/dustin/go-humanize v1.0.1 h1:GzkhY7T5VNhEkwH0PVJgjz+fX1rhBrR7pRT3mDkpeCY=
github.com/dustin/go-humanize v1.0.1/go.mod h1:Mu1zIs6XwVuF/gI1OepvI0qD18qycQx+mFykh5fBlto=
github.com/go-logr/logr v1.4.3 h1:CjnDlHq8ikf6E492q6eKboGOC0T8CDaOvkHCIg8idEI=
github.com/go-logr/logr v1.4.3/go.mod h1:9T104GzyrTigFIr8wt5mBrctHMim0Nb2HLGrmQ40KvY=
github.com/go-logr/stdr v1.2.2 h1:hSWxHoqTgW2S2qGc0LTAI563KZ5YKYRhT3MFKZMbjag=
github.com/go-logr/stdr v1.2.2/go.mod h1:mMo/vtBO5dYbehREoey6XUKy/eSumjCCveDpRre4VKE=
github.com/golang/protobuf v1.5.4 h1:i7eJL8qZTpSEXOPTxNKhASYpMn+8e5Q6AdndVa1dWek=
github.com/golang/protobuf v1.5.4/go.mod h1:lnTiLA8Wa4RWRcIUkrtSVa5nRhsEGBg48fD6rSs7xps=
github.com/google/go-cmp v0.7.0 h1:wk8382ETsv4JYUZwIsn6YpYiWiBsYLSJiTsyBybVuN8=
github.com/google/go-cmp v0.7.0/go.mod h1:pXiqmnSA92OHEEa9HXL2W4E7lf9JzCmGVUdgjX3N/iU=
github.com/google/uuid v1.6.0 h1:NIvaJDMOsjHA8n1jAhLSgzrAzy1Hgr+hNrb57e+94F0=
github.com/google/uuid v1.6.0/go.mod h1:TIyPZe4MgqvfeYDBFedMoGGpEw/LqOeaOT+nhxU+yHo=
github.com/klauspost/compress v1.17.11 h1:In6xLpyWOi1+C7tXUUWv2ot1QvBjxevKAaI6IXrJmUc=
github.com/klauspost/compress v1.17.11/go.mod h1:pMDklpSncoRMuLFrf1W9Ss9KT+0rH90U12bZKk7uwG0=
github.com/kr/pretty v0.3.1 h1:flRD4NNwYAUpkphVc1HcthR4KEIFJ65n8Mw5qdRn3LE=
github.com/kr/pretty v0.3.1/go.mod h1:hoEshYVHaxMs3cyo3Yncou5ZscifuDolrwPKZanG3xk=
github.com/kr/text v0.2.0 h1:5Nx0Ya0ZqY2ygV366QzturHI13Jq95ApcVaJBhpS+AY=
github.com/kr/text v0.2.0/go.mod h1:eLer722TekiGuMkidMxC/pM04lWEeraHUUmBw8l2grE=
github.com/munnerz/goautoneg v0.0.0-20191010083416-a7dc8b61c822 h1:C3w9PqII01/Oq1c1nUAm88MOHcQC9l5mIlSMApZMrHA=
github.com/munnerz/goautoneg v0.0.0-20191010083416-a7dc8b61c822/go.mod h1:+n7T8mK8HuQTcFwEeznm/DIxMOiR9yIdICNftLE1DvQ=
github.com/pmezard/go-difflib v1.0.0 h1:4DBwDE0NGyQoBHbLQYPwSUPoCMWR5BEzIk/f1lZbAQM=
github.com/pmezard/go-difflib v1.0.0/go.mod h1:iKH77koFhYxTK1pcRnkKkqfTogsbg7gZNVY4sRDYZ/4=
github.com/prometheus/client_golang v1.20.5 h1:cxppBPuYhUnsO6yo/aoRol4L7q7UFfdm+bR9r+8l63Y=
github.com/prometheus/client_golang v1.20.5/go.mod h1:PIEt8X02hGcP8JWbeHyeZ53Y/jReSnHgO035n//V5WE=
github.com/prometheus/client_model v0.6.1 h1:ZKSh/rekM+n3CeS952MLRAdFwIKqeY8b62p8ais2e9E=
github.com/prometheus/client_model v0.6.1/go.mod h1:OrxVMOVHjw3lKMa8+x6HeMGkHMQyHDk9E3jmP2AmGiY=
github.com/prometheus/common v0.61.0 h1:3gv/GThfX0cV2lpO7gkTUwZru38mxevy90Bj8YFSRQQ=
github.com/prometheus/common v0.61.0/go.mod h1:zr29OCN/2BsJRaFwG8QOBr41D6kkchKbpeNH7pAjb/s=
github.com/prometheus/procfs v0.15.1 h1:YagwOFzUgYfKKHX6Dr+sHT7km/hxC76UB0learggepc=
github.com/prometheus/procfs v0.15.1/go.mod h1:fB45yRUv8NstnjriLhBQLuOUt+WW4BsoGhij/e3PBqk=
github.com/rogpeppe/go-internal v1.10.0 h1:TMyTOH3F/DB16zRVcYyreMH6GnZZrwQVAoYjRBZyWFQ=
github.com/rogpeppe/go-internal v1.10.0/go.mod h1:UQnix2H7Ngw/k4C5ijL5+65zddjncjaFoBhdsK/akog=
github.com/stretchr/testify v1.10.0 h1:Xv5erBjTwe/5IxqUQTdXv5kgmIvbHo3QQyRwhJsOfJA=
github.com/stretchr/testify v1.10.0/go.mod h1:r2ic/lqez/lEtzL7wO/rwa5dbSLXVDPFyf8C91i36aY=
go.opentelemetry.io/auto/sdk v1.1.0 h1:cH53jehLUN6UFLY71z+NDOiNJqDdPRaXzTel0sJySYA=
go.opentelemetry.io/auto/sdk v1.1.0/go.mod h1:3wSPjt5PWp2RhlCcmmOial7AvC4DQqZb7a7wCow3W8A=
go.opentelemetry.io/otel v1.37.0 h1:9zhNfelUvx0KBfu/gb+ZgeAfAgtWrfHJZcAqFC228wQ=
go.opentelemetry.io/otel v1.37.0/go.mod h1:ehE/umFRLnuLa/vSccNq9oS1ErUlkkK71gMcN34UG8I=
go.opentelemetry.io/otel/metric v1.37.0 h1:mvwbQS5m0tbmqML4NqK+e3aDiO02vsf/WgbsdpcPoZE=
go.opentelemetry.io/otel/metric v1.37.0/go.mod h1:04wGrZurHYKOc+RKeye86GwKiTb9FKm1WHtO+4EVr2E=
go.opentelemetry.io/otel/sdk v1.37.0 h1:ItB0QUqnjesGRvNcmAcU0LyvkVyGJ2xftD29bWdDvKI=
go.opentelemetry.io/otel/sdk v1.37.0/go.mod h1:VredYzxUvuo2q3WRcDnKDjbdvmO0sCzOvVAiY+yUkAg=
go.opentelemetry.io/otel/sdk/metric v1.37.0 h1:90lI228XrB9jCMuSdA0673aubgRobVZFhbjxHHspCPc=
go.opentelemetry.io/otel/sdk/metric v1.37.0/go.mod h1:cNen4ZWfiD37l5NhS+Keb5RXVWZWpRE+9WyVCpbo5ps=
go.opentelemetry.io/otel/trace v1.37.0 h1:HLdcFNbRQBE2imdSEgm/kwqmQj1Or1l/7bW6mxVK7z4=
go.opentelemetry.io/otel/trace v1.37.0/go.mod h1:TlgrlQ+PtQO5XFerSPUYG0JSgGyryXewPGyayAWSBS0=
golang.conradwood.net/apis/auth v1.1.3625 h1:IlJcPuXdjxAZUzWSjVMmlmm6cP7oOvrL8ycfg2i4bA0=
golang.conradwood.net/apis/auth v1.1.3625/go.mod h1:8Bm9XGE0ziUsiJ6wImMY915zKgS8AjJT1MfMx8Gg0Lc=
golang.conradwood.net/apis/autodeployer v1.1.3625 h1:oPHb9M0LH4ME4s6ZIXjBSiaGi/zAM16bof8grGftepo=
golang.conradwood.net/apis/autodeployer v1.1.3625/go.mod h1:sYXp7XgkNGQ7o0h8QjGinLUGpbKujEGKDeOqVJZ9Lgc=
golang.conradwood.net/apis/common v1.1.4123 h1:LpfWoR4ITMJ2LpTV+/jyPHztBzrpkpgIAn6mHnakkXA=
golang.conradwood.net/apis/common v1.1.4123/go.mod h1:psg+My44IvKG1ebkJT1RCqZDsBOMQYCkeh14jVfKal4=
golang.conradwood.net/apis/deploymonkey v1.1.4123 h1:Xd51pyR7cKO6xNDmTWr1uNCGDcSnS+Gafvb5kjzaCrU=
golang.conradwood.net/apis/deploymonkey v1.1.4123/go.mod h1:Wn0iBMy3sSOoDnubp26AyzwYoUTr7upHMBEU4ET+hqU=
golang.conradwood.net/apis/framework v1.1.3625 h1:yD+BPUEp7zqy8RQJ+R81l9e3FW6wjgOXxe0HaQv/wRI=
golang.conradwood.net/apis/framework v1.1.3625/go.mod h1:Rj40GnXomWyzSVuNWFl/THkfbjcMDcJn11sGhVufo2E=
golang.conradwood.net/apis/goeasyops v1.1.3625 h1:sryili51Cbl0LKlK7+C8OVzXrki3D45IkRq4yTTHB0g=
golang.conradwood.net/apis/goeasyops v1.1.3625/go.mod h1:jQxTzPQmkiafaMXfY0mn9U3iXjDFNqcogOdSPqHPoyI=
golang.conradwood.net/apis/grafanadata v1.1.3625 h1:UDxEw+VWiP95hbZXk7b3Lx3h+BNbhD5HbFIx0Z3GciA=
golang.conradwood.net/apis/grafanadata v1.1.3625/go.mod h1:pru4j/8hRTOCgqyTY+mWBSparBdq/8eACdbTCc/6BCU=
golang.conradwood.net/apis/objectstore v1.1.3625 h1:sCNC7flYNQf47fHWxFSrTM5YFTn0+BcgOyEbw1/ki2s=
golang.conradwood.net/apis/objectstore v1.1.3625/go.mod h1:b3wWEgFqBUVQa2LF7NChaE0rlNF1Pl/dMZq1TAA/ipo=
golang.conradwood.net/apis/registry v1.1.3625 h1:EAKoVH1ZL2vzepmUXKQzpO7GwFNQE8fiPKfAat3T3F4=
golang.conradwood.net/apis/registry v1.1.3625/go.mod h1:0nBNmwry+LTQdhYiFiA6KNQH4r9XDZEME4zBiAYGzeQ=
golang.conradwood.net/go-easyops v0.1.34110 h1:bxs5DkMO3AWyVGB1v8nMORv5JU2jD7HkmsywntckZd0=
golang.conradwood.net/go-easyops v0.1.34110/go.mod h1:5/zIA9aEQ0jxef1aYsd+KHblbjatoKi6arbsuyPOw3Y=
golang.org/x/net v0.44.0 h1:evd8IRDyfNBMBTTY5XRF1vaZlD+EmWx6x8PkhR04H/I=
golang.org/x/net v0.44.0/go.mod h1:ECOoLqd5U3Lhyeyo/QDCEVQ4sNgYsqvCZ722XogGieY=
golang.org/x/sys v0.36.0 h1:KVRy2GtZBrk1cBYA7MKu5bEZFxQk4NIDV6RLVcC8o0k=
golang.org/x/sys v0.36.0/go.mod h1:OgkHotnGiDImocRcuBABYBEXf8A9a87e/uXjp9XT3ks=
golang.org/x/text v0.29.0 h1:1neNs90w9YzJ9BocxfsQNHKuAT4pkghyXc4nhZ6sJvk=
golang.org/x/text v0.29.0/go.mod h1:7MhJOA9CD2qZyOKYazxdYMF85OwPdEr9jTtBpO7ydH4=
golang.yacloud.eu/apis/faultindicator v1.1.3625 h1:CTYHkzTefkAcgK28dQ67rEIZp71Ej6dwrsDazYT74CA=
golang.yacloud.eu/apis/faultindicator v1.1.3625/go.mod h1:LinR6vf7C9J88gc2X6BBMHyJNS7uXqhQmklMoWQHvW0=
golang.yacloud.eu/apis/fscache v1.1.3625 h1:cD+xLZntxBe+JoPl/oIK71NLlJ2ktTpAT1IOzYO1i8Q=
golang.yacloud.eu/apis/fscache v1.1.3625/go.mod h1:j+9irz+xwwuUQIKZVVwVYMZ1HZQRvuD/bXrCmW4798A=
golang.yacloud.eu/apis/session v1.1.3625 h1:8myO8ObCnPIggBMUgfC8ave6AXpMJls62iEUuIt37ro=
golang.yacloud.eu/apis/session v1.1.3625/go.mod h1:7Qu5MQrDY5WSKGEJeMaWQepSsX/JJ5mxEiCqH8N5N0g=
golang.yacloud.eu/apis/unixipc v1.1.3625 h1:prVot0gL1MouDX8sWCLwUgNaUbsVzmM4u08xxz7dKcw=
golang.yacloud.eu/apis/unixipc v1.1.3625/go.mod h1:3WT5qcADS7Du5ipPdI1ypxb38DYjYo4aHfN1MolEHAw=
gonum.org/v1/gonum v0.16.0 h1:5+ul4Swaf3ESvrOnidPp4GZbzf0mxVQpDCYUQE7OJfk=
gonum.org/v1/gonum v0.16.0/go.mod h1:fef3am4MQ93R2HHpKnLk4/Tbh/s0+wqD5nfa6Pnwy4E=
google.golang.org/genproto/googleapis/rpc v0.0.0-20250707201910-8d1bb00bc6a7 h1:pFyd6EwwL2TqFf8emdthzeX+gZE1ElRq3iM8pui4KBY=
google.golang.org/genproto/googleapis/rpc v0.0.0-20250707201910-8d1bb00bc6a7/go.mod h1:qQ0YXyHHx3XkvlzUtpXDkS29lDSafHMZBAZDc03LQ3A=
google.golang.org/grpc v1.75.1 h1:/ODCNEuf9VghjgO3rqLcfg8fiOP0nSluljWFlDxELLI=
google.golang.org/grpc v1.75.1/go.mod h1:JtPAzKiq4v1xcAB2hydNlWI2RnF85XXcV0mhKXr2ecQ=
google.golang.org/protobuf v1.36.6 h1:z1NpPI8ku2WgiWnf+t9wTPsn6eP1L7ksHUlkfLvd9xY=
google.golang.org/protobuf v1.36.6/go.mod h1:jduwjTPXsFjZGTmRluh+L6NjiWu7pchiJ2/5YcXBHnY=
gopkg.in/check.v1 v0.0.0-20161208181325-20d25e280405/go.mod h1:Co6ibVJAznAaIkqp8huTwlJQCZ016jof/cbN4VW5Yz0=
gopkg.in/check.v1 v1.0.0-20201130134442-10cb98267c6c h1:Hei/4ADfdWqJk1ZMxUNpqntNwaWcugrBjAiHlqqRiVk=
gopkg.in/check.v1 v1.0.0-20201130134442-10cb98267c6c/go.mod h1:JHkPIbrfpd72SG/EVd6muEfDQjcINNoR0C8j2r3qZ4Q=
gopkg.in/yaml.v2 v2.4.0 h1:D8xgwECY7CYvx+Y2n4sBz93Jn9JRvxdiyyo8CTfuKaY=
gopkg.in/yaml.v2 v2.4.0/go.mod h1:RDklbk79AGWmwhnvt/jBztapEOGDOx6ZbXqjP6csGnQ=
gopkg.in/yaml.v3 v3.0.1 h1:fxVm/GzAzEWqLHuvctI91KS9hhNmmWOoWu0XTYJS7CA=
gopkg.in/yaml.v3 v3.0.1/go.mod h1:K4uyk7z7BCEPqu6E+C64Yfv1cQ7kz7rIZviUmN+EgEM=
